
Microsoft Visual Studio Solution File, Format Version 12.00
# Visual Studio Version 17
VisualStudioVersion = 17.5.33516.290
MinimumVisualStudioVersion = 10.0.40219.1
Project("{FAE04EC0-301F-11D3-BF4B-00C04F79EFBC}") = "tientuoidoicao", "tientuoidoicao\tientuoidoicao.csproj", "{93F35848-1D9A-4B5C-A4D4-145FE455575D}"
EndProject
Global
	GlobalSection(SolutionConfigurationPlatforms) = preSolution
		Debug|Any CPU = Debug|Any CPU
		Release|Any CPU = Release|Any CPU
	EndGlobalSection
	GlobalSection(ProjectConfigurationPlatforms) = postSolution
		{93F35848-1D9A-4B5C-A4D4-145FE455575D}.Debug|Any CPU.ActiveCfg = Debug|Any CPU
		{93F35848-1D9A-4B5C-A4D4-145FE455575D}.Debug|Any CPU.Build.0 = Debug|Any CPU
		{93F35848-1D9A-4B5C-A4D4-145FE455575D}.Release|Any CPU.ActiveCfg = Release|Any CPU
		{93F35848-1D9A-4B5C-A4D4-145FE455575D}.Release|Any CPU.Build.0 = Release|Any CPU
	EndGlobalSection
	GlobalSection(SolutionProperties) = preSolution
		HideSolutionNode = FALSE
	EndGlobalSection
	GlobalSection(ExtensibilityGlobals) = postSolution
		SolutionGuid = {6AC96F75-4A28-408E-8BE9-A5A99C551BE0}
	EndGlobalSection
EndGlobal
